
Microsoft Visual Studio Solution File, Format Version 12.00
# Visual Studio Version 16
VisualStudioVersion = 16.0.30114.105
MinimumVisualStudioVersion = 10.0.40219.1
Project("{FAE04EC0-301F-11D3-BF4B-00C04F79EFBC}") = "API", "API\API.csproj", "{49C378AA-2016-4BDF-BF51-20C033AC1413}"
EndProject
Project("{FAE04EC0-301F-11D3-BF4B-00C04F79EFBC}") = "Application", "Application\Application.csproj", "{AF70E182-E23B-4809-B244-F511D640CB02}"
EndProject
Project("{FAE04EC0-301F-11D3-BF4B-00C04F79EFBC}") = "Persistence", "Persistence\Persistence.csproj", "{7F4D9BDC-14BA-4BDB-ACC1-BEACADC7F590}"
EndProject
Project("{FAE04EC0-301F-11D3-BF4B-00C04F79EFBC}") = "Domain", "Domain\Domain.csproj", "{06864CA9-E34E-4231-A154-AC90FC2645B7}"
EndProject
Global
	GlobalSection(SolutionConfigurationPlatforms) = preSolution
		Debug|Any CPU = Debug|Any CPU
		Release|Any CPU = Release|Any CPU
	EndGlobalSection
	GlobalSection(SolutionProperties) = preSolution
		HideSolutionNode = FALSE
	EndGlobalSection
	GlobalSection(ProjectConfigurationPlatforms) = postSolution
		{49C378AA-2016-4BDF-BF51-20C033AC1413}.Debug|Any CPU.ActiveCfg = Debug|Any CPU
		{49C378AA-2016-4BDF-BF51-20C033AC1413}.Debug|Any CPU.Build.0 = Debug|Any CPU
		{49C378AA-2016-4BDF-BF51-20C033AC1413}.Release|Any CPU.ActiveCfg = Release|Any CPU
		{49C378AA-2016-4BDF-BF51-20C033AC1413}.Release|Any CPU.Build.0 = Release|Any CPU
		{AF70E182-E23B-4809-B244-F511D640CB02}.Debug|Any CPU.ActiveCfg = Debug|Any CPU
		{AF70E182-E23B-4809-B244-F511D640CB02}.Debug|Any CPU.Build.0 = Debug|Any CPU
		{AF70E182-E23B-4809-B244-F511D640CB02}.Release|Any CPU.ActiveCfg = Release|Any CPU
		{AF70E182-E23B-4809-B244-F511D640CB02}.Release|Any CPU.Build.0 = Release|Any CPU
		{7F4D9BDC-14BA-4BDB-ACC1-BEACADC7F590}.Debug|Any CPU.ActiveCfg = Debug|Any CPU
		{7F4D9BDC-14BA-4BDB-ACC1-BEACADC7F590}.Debug|Any CPU.Build.0 = Debug|Any CPU
		{7F4D9BDC-14BA-4BDB-ACC1-BEACADC7F590}.Release|Any CPU.ActiveCfg = Release|Any CPU
		{7F4D9BDC-14BA-4BDB-ACC1-BEACADC7F590}.Release|Any CPU.Build.0 = Release|Any CPU
		{06864CA9-E34E-4231-A154-AC90FC2645B7}.Debug|Any CPU.ActiveCfg = Debug|Any CPU
		{06864CA9-E34E-4231-A154-AC90FC2645B7}.Debug|Any CPU.Build.0 = Debug|Any CPU
		{06864CA9-E34E-4231-A154-AC90FC2645B7}.Release|Any CPU.ActiveCfg = Release|Any CPU
		{06864CA9-E34E-4231-A154-AC90FC2645B7}.Release|Any CPU.Build.0 = Release|Any CPU
	EndGlobalSection
EndGlobal
